
Microsoft Visual Studio Solution File, Format Version 12.00
# Visual Studio Version 16
VisualStudioVersion = 16.0.30128.74
MinimumVisualStudioVersion = 10.0.40219.1
Project("{9A19103F-16F7-4668-BE54-9A1E7A4F7556}") = "Blazor.NLDesignSystem", "Blazor.NLDesignSystem\Blazor.NLDesignSystem.csproj", "{D642FCC4-565B-41FF-9A58-730C557C1D6B}"
EndProject
Project("{9A19103F-16F7-4668-BE54-9A1E7A4F7556}") = "Blazor.NLDesignSystem.Wasm", "Blazor.NLDesignSystem.Wasm\Blazor.NLDesignSystem.Wasm.csproj", "{FB82BF8D-83C2-4803-B83C-B9FC1FE7C413}"
EndProject
Global
	GlobalSection(SolutionConfigurationPlatforms) = preSolution
		Debug|Any CPU = Debug|Any CPU
		Release|Any CPU = Release|Any CPU
	EndGlobalSection
	GlobalSection(ProjectConfigurationPlatforms) = postSolution
		{D642FCC4-565B-41FF-9A58-730C557C1D6B}.Debug|Any CPU.ActiveCfg = Debug|Any CPU
		{D642FCC4-565B-41FF-9A58-730C557C1D6B}.Debug|Any CPU.Build.0 = Debug|Any CPU
		{D642FCC4-565B-41FF-9A58-730C557C1D6B}.Release|Any CPU.ActiveCfg = Release|Any CPU
		{D642FCC4-565B-41FF-9A58-730C557C1D6B}.Release|Any CPU.Build.0 = Release|Any CPU
		{FB82BF8D-83C2-4803-B83C-B9FC1FE7C413}.Debug|Any CPU.ActiveCfg = Debug|Any CPU
		{FB82BF8D-83C2-4803-B83C-B9FC1FE7C413}.Debug|Any CPU.Build.0 = Debug|Any CPU
		{FB82BF8D-83C2-4803-B83C-B9FC1FE7C413}.Release|Any CPU.ActiveCfg = Release|Any CPU
		{FB82BF8D-83C2-4803-B83C-B9FC1FE7C413}.Release|Any CPU.Build.0 = Release|Any CPU
	EndGlobalSection
	GlobalSection(SolutionProperties) = preSolution
		HideSolutionNode = FALSE
	EndGlobalSection
	GlobalSection(ExtensibilityGlobals) = postSolution
		SolutionGuid = {7EBFE457-9BC1-469B-9827-B8ED3F84819A}
	EndGlobalSection
EndGlobal
